// !$*UTF8*$!
{
	archiveVersion = 1;
	classes = {
	};
	objectVersion = 46;
	objects = {

/* Begin PBXBuildFile section */
		3C18CD2517F301570003E54C /* TableViewPadded.m in Sources */ = {isa = PBXBuildFile; fileRef = 3C18CD2417F301570003E54C /* TableViewPadded.m */; };
		3C18CD2817F305A10003E54C /* ProjectListCell.m in Sources */ = {isa = PBXBuildFile; fileRef = 3C18CD2717F305A10003E54C /* ProjectListCell.m */; };
		3C18CD2B17F30B2F0003E54C /* checkbox_checked.png in Resources */ = {isa = PBXBuildFile; fileRef = 3C18CD2917F30B2F0003E54C /* checkbox_checked.png */; };
		3C18CD2C17F30B2F0003E54C /* checkbox_unchecked.png in Resources */ = {isa = PBXBuildFile; fileRef = 3C18CD2A17F30B2F0003E54C /* checkbox_unchecked.png */; };
		3C2B114817EB20BA000FBCFF /* JiraRestClientAPI.m in Sources */ = {isa = PBXBuildFile; fileRef = 3C2B114717EB20BA000FBCFF /* JiraRestClientAPI.m */; };
		3C2B114A17EB2EB6000FBCFF /* Security.framework in Frameworks */ = {isa = PBXBuildFile; fileRef = 3C2B114917EB2EB6000FBCFF /* Security.framework */; };
		3C2B114E17EB3D63000FBCFF /* Project.m in Sources */ = {isa = PBXBuildFile; fileRef = 3C2B114D17EB3D63000FBCFF /* Project.m */; };
		3C2B115117EB461B000FBCFF /* ProjectManager.m in Sources */ = {isa = PBXBuildFile; fileRef = 3C2B115017EB461B000FBCFF /* ProjectManager.m */; };
		3C2B115517EB494E000FBCFF /* ProjectListViewController.m in Sources */ = {isa = PBXBuildFile; fileRef = 3C2B115417EB494E000FBCFF /* ProjectListViewController.m */; };
		3C336E2B17EAF7020038166D /* UIKit.framework in Frameworks */ = {isa = PBXBuildFile; fileRef = 3C336E2A17EAF7020038166D /* UIKit.framework */; };
		3C336E2D17EAF7020038166D /* Foundation.framework in Frameworks */ = {isa = PBXBuildFile; fileRef = 3C336E2C17EAF7020038166D /* Foundation.framework */; };
		3C336E2F17EAF7020038166D /* CoreGraphics.framework in Frameworks */ = {isa = PBXBuildFile; fileRef = 3C336E2E17EAF7020038166D /* CoreGraphics.framework */; };
		3C336E3517EAF7020038166D /* InfoPlist.strings in Resources */ = {isa = PBXBuildFile; fileRef = 3C336E3317EAF7020038166D /* InfoPlist.strings */; };
		3C336E3717EAF7020038166D /* main.m in Sources */ = {isa = PBXBuildFile; fileRef = 3C336E3617EAF7020038166D /* main.m */; };
		3C336E3B17EAF7020038166D /* JiraAppAppDelegate.m in Sources */ = {isa = PBXBuildFile; fileRef = 3C336E3A17EAF7020038166D /* JiraAppAppDelegate.m */; };
		3C336E3D17EAF7020038166D /* Default.png in Resources */ = {isa = PBXBuildFile; fileRef = 3C336E3C17EAF7020038166D /* Default.png */; };
		3C336E3F17EAF7020038166D /* Default@2x.png in Resources */ = {isa = PBXBuildFile; fileRef = 3C336E3E17EAF7020038166D /* Default@2x.png */; };
		3C336E4117EAF7020038166D /* Default-568h@2x.png in Resources */ = {isa = PBXBuildFile; fileRef = 3C336E4017EAF7020038166D /* Default-568h@2x.png */; };
		3C336E4417EAF7020038166D /* MainStoryboard.storyboard in Resources */ = {isa = PBXBuildFile; fileRef = 3C336E4217EAF7020038166D /* MainStoryboard.storyboard */; };
		3C336E4717EAF7020038166D /* LoginViewController.m in Sources */ = {isa = PBXBuildFile; fileRef = 3C336E4617EAF7020038166D /* LoginViewController.m */; };
		3C86B3A317F06FAB00C289DD /* MainNavigationViewController.m in Sources */ = {isa = PBXBuildFile; fileRef = 3C86B3A217F06FAB00C289DD /* MainNavigationViewController.m */; };
		3CA6A00817EC5C0B002F9917 /* KeychainItemWrapper.m in Sources */ = {isa = PBXBuildFile; fileRef = 3CA6A00617EC5C0B002F9917 /* KeychainItemWrapper.m */; };
		A3414B3817F18C9000D09F35 /* ProjectDetailsViewController.m in Sources */ = {isa = PBXBuildFile; fileRef = A3414B3717F18C9000D09F35 /* ProjectDetailsViewController.m */; };
		A349E9D617F026E20045BBD7 /* JiraProjectDetailsViewController.m in Sources */ = {isa = PBXBuildFile; fileRef = A349E9D517F026E20045BBD7 /* JiraProjectDetailsViewController.m */; };
		A349E9D917F027E00045BBD7 /* User.m in Sources */ = {isa = PBXBuildFile; fileRef = A349E9D817F027E00045BBD7 /* User.m */; };
		A349E9DC17F028770045BBD7 /* Issue.m in Sources */ = {isa = PBXBuildFile; fileRef = A349E9DB17F028770045BBD7 /* Issue.m */; };
		A38E2F6017F312F80071A041 /* projects_list.png in Resources */ = {isa = PBXBuildFile; fileRef = A38E2F5F17F312F80071A041 /* projects_list.png */; };
		A399B3B417F0361F0075D5DC /* JiraApp.nss in Resources */ = {isa = PBXBuildFile; fileRef = A399B3B317F0361F0075D5DC /* JiraApp.nss */; };
		A399B3B817F038E30075D5DC /* LoginTextField.m in Sources */ = {isa = PBXBuildFile; fileRef = A399B3B717F038E30075D5DC /* LoginTextField.m */; };
		A399B3C217F03E8F0075D5DC /* dosis-v1.7.zip in Resources */ = {isa = PBXBuildFile; fileRef = A399B3BA17F03E8F0075D5DC /* dosis-v1.7.zip */; };
		A399B3C317F03E8F0075D5DC /* home_bg_top.png in Resources */ = {isa = PBXBuildFile; fileRef = A399B3BB17F03E8F0075D5DC /* home_bg_top.png */; };
		A399B3C417F03E8F0075D5DC /* home_icon_pass.png in Resources */ = {isa = PBXBuildFile; fileRef = A399B3BC17F03E8F0075D5DC /* home_icon_pass.png */; };
		A399B3C517F03E8F0075D5DC /* home_icon_user.png in Resources */ = {isa = PBXBuildFile; fileRef = A399B3BD17F03E8F0075D5DC /* home_icon_user.png */; };
		A399B3C617F03E8F0075D5DC /* home_page_preview.png in Resources */ = {isa = PBXBuildFile; fileRef = A399B3BE17F03E8F0075D5DC /* home_page_preview.png */; };
		A399B3C717F03E8F0075D5DC /* login_button.png in Resources */ = {isa = PBXBuildFile; fileRef = A399B3BF17F03E8F0075D5DC /* login_button.png */; };
		A399B3C817F03E8F0075D5DC /* login_button_blank.png in Resources */ = {isa = PBXBuildFile; fileRef = A399B3C017F03E8F0075D5DC /* login_button_blank.png */; };
		A3D5F5B517F2DBCD00C3D5CC /* arrow_right.png in Resources */ = {isa = PBXBuildFile; fileRef = A3D5F5B417F2DBCD00C3D5CC /* arrow_right.png */; };
		E69A54B0B9114032B76D357F /* libPods.a in Frameworks */ = {isa = PBXBuildFile; fileRef = 52F38FB1931A417DA38FF7BF /* libPods.a */; };
/* End PBXBuildFile section */

/* Begin PBXFileReference section */
		3C18CD2317F301570003E54C /* TableViewPadded.h */ = {isa = PBXFileReference; fileEncoding = 4; lastKnownFileType = sourcecode.c.h; path = TableViewPadded.h; sourceTree = "<group>"; };
		3C18CD2417F301570003E54C /* TableViewPadded.m */ = {isa = PBXFileReference; fileEncoding = 4; lastKnownFileType = sourcecode.c.objc; path = TableViewPadded.m; sourceTree = "<group>"; };
		3C18CD2617F305A10003E54C /* ProjectListCell.h */ = {isa = PBXFileReference; fileEncoding = 4; lastKnownFileType = sourcecode.c.h; path = ProjectListCell.h; sourceTree = "<group>"; };
		3C18CD2717F305A10003E54C /* ProjectListCell.m */ = {isa = PBXFileReference; fileEncoding = 4; lastKnownFileType = sourcecode.c.objc; path = ProjectListCell.m; sourceTree = "<group>"; };
		3C18CD2917F30B2F0003E54C /* checkbox_checked.png */ = {isa = PBXFileReference; lastKnownFileType = image.png; path = checkbox_checked.png; sourceTree = "<group>"; };
		3C18CD2A17F30B2F0003E54C /* checkbox_unchecked.png */ = {isa = PBXFileReference; lastKnownFileType = image.png; path = checkbox_unchecked.png; sourceTree = "<group>"; };
		3C2B114617EB20BA000FBCFF /* JiraRestClientAPI.h */ = {isa = PBXFileReference; fileEncoding = 4; lastKnownFileType = sourcecode.c.h; path = JiraRestClientAPI.h; sourceTree = "<group>"; };
		3C2B114717EB20BA000FBCFF /* JiraRestClientAPI.m */ = {isa = PBXFileReference; fileEncoding = 4; lastKnownFileType = sourcecode.c.objc; path = JiraRestClientAPI.m; sourceTree = "<group>"; };
		3C2B114917EB2EB6000FBCFF /* Security.framework */ = {isa = PBXFileReference; lastKnownFileType = wrapper.framework; name = Security.framework; path = System/Library/Frameworks/Security.framework; sourceTree = SDKROOT; };
		3C2B114C17EB3D63000FBCFF /* Project.h */ = {isa = PBXFileReference; fileEncoding = 4; lastKnownFileType = sourcecode.c.h; path = Project.h; sourceTree = "<group>"; };
		3C2B114D17EB3D63000FBCFF /* Project.m */ = {isa = PBXFileReference; fileEncoding = 4; lastKnownFileType = sourcecode.c.objc; path = Project.m; sourceTree = "<group>"; };
		3C2B114F17EB461B000FBCFF /* ProjectManager.h */ = {isa = PBXFileReference; fileEncoding = 4; lastKnownFileType = sourcecode.c.h; path = ProjectManager.h; sourceTree = "<group>"; };
		3C2B115017EB461B000FBCFF /* ProjectManager.m */ = {isa = PBXFileReference; fileEncoding = 4; lastKnownFileType = sourcecode.c.objc; path = ProjectManager.m; sourceTree = "<group>"; };
		3C2B115317EB494E000FBCFF /* ProjectListViewController.h */ = {isa = PBXFileReference; fileEncoding = 4; lastKnownFileType = sourcecode.c.h; path = ProjectListViewController.h; sourceTree = "<group>"; };
		3C2B115417EB494E000FBCFF /* ProjectListViewController.m */ = {isa = PBXFileReference; fileEncoding = 4; lastKnownFileType = sourcecode.c.objc; path = ProjectListViewController.m; sourceTree = "<group>"; };
		3C336E2717EAF7020038166D /* JiraApp.app */ = {isa = PBXFileReference; explicitFileType = wrapper.application; includeInIndex = 0; path = JiraApp.app; sourceTree = BUILT_PRODUCTS_DIR; };
		3C336E2A17EAF7020038166D /* UIKit.framework */ = {isa = PBXFileReference; lastKnownFileType = wrapper.framework; name = UIKit.framework; path = System/Library/Frameworks/UIKit.framework; sourceTree = SDKROOT; };
		3C336E2C17EAF7020038166D /* Foundation.framework */ = {isa = PBXFileReference; lastKnownFileType = wrapper.framework; name = Foundation.framework; path = System/Library/Frameworks/Foundation.framework; sourceTree = SDKROOT; };
		3C336E2E17EAF7020038166D /* CoreGraphics.framework */ = {isa = PBXFileReference; lastKnownFileType = wrapper.framework; name = CoreGraphics.framework; path = System/Library/Frameworks/CoreGraphics.framework; sourceTree = SDKROOT; };
		3C336E3217EAF7020038166D /* JiraApp-Info.plist */ = {isa = PBXFileReference; lastKnownFileType = text.plist.xml; path = "JiraApp-Info.plist"; sourceTree = "<group>"; };
		3C336E3417EAF7020038166D /* en */ = {isa = PBXFileReference; lastKnownFileType = text.plist.strings; name = en; path = en.lproj/InfoPlist.strings; sourceTree = "<group>"; };
		3C336E3617EAF7020038166D /* main.m */ = {isa = PBXFileReference; lastKnownFileType = sourcecode.c.objc; path = main.m; sourceTree = "<group>"; };
		3C336E3817EAF7020038166D /* JiraApp-Prefix.pch */ = {isa = PBXFileReference; lastKnownFileType = sourcecode.c.h; path = "JiraApp-Prefix.pch"; sourceTree = "<group>"; };
		3C336E3917EAF7020038166D /* JiraAppAppDelegate.h */ = {isa = PBXFileReference; lastKnownFileType = sourcecode.c.h; path = JiraAppAppDelegate.h; sourceTree = "<group>"; };
		3C336E3A17EAF7020038166D /* JiraAppAppDelegate.m */ = {isa = PBXFileReference; lastKnownFileType = sourcecode.c.objc; path = JiraAppAppDelegate.m; sourceTree = "<group>"; };
		3C336E3C17EAF7020038166D /* Default.png */ = {isa = PBXFileReference; lastKnownFileType = image.png; path = Default.png; sourceTree = "<group>"; };
		3C336E3E17EAF7020038166D /* Default@2x.png */ = {isa = PBXFileReference; lastKnownFileType = image.png; path = "Default@2x.png"; sourceTree = "<group>"; };
		3C336E4017EAF7020038166D /* Default-568h@2x.png */ = {isa = PBXFileReference; lastKnownFileType = image.png; path = "Default-568h@2x.png"; sourceTree = "<group>"; };
		3C336E4317EAF7020038166D /* en */ = {isa = PBXFileReference; lastKnownFileType = file.storyboard; name = en; path = en.lproj/MainStoryboard.storyboard; sourceTree = "<group>"; };
		3C336E4517EAF7020038166D /* LoginViewController.h */ = {isa = PBXFileReference; lastKnownFileType = sourcecode.c.h; path = LoginViewController.h; sourceTree = "<group>"; };
		3C336E4617EAF7020038166D /* LoginViewController.m */ = {isa = PBXFileReference; lastKnownFileType = sourcecode.c.objc; path = LoginViewController.m; sourceTree = "<group>"; };
		3C86B3A117F06FAB00C289DD /* MainNavigationViewController.h */ = {isa = PBXFileReference; fileEncoding = 4; lastKnownFileType = sourcecode.c.h; path = MainNavigationViewController.h; sourceTree = "<group>"; };
		3C86B3A217F06FAB00C289DD /* MainNavigationViewController.m */ = {isa = PBXFileReference; fileEncoding = 4; lastKnownFileType = sourcecode.c.objc; path = MainNavigationViewController.m; sourceTree = "<group>"; };
		3CA6A00617EC5C0B002F9917 /* KeychainItemWrapper.m */ = {isa = PBXFileReference; fileEncoding = 4; lastKnownFileType = sourcecode.c.objc; path = KeychainItemWrapper.m; sourceTree = "<group>"; };
		3CA6A00717EC5C0B002F9917 /* KeychainItemWrapper.h */ = {isa = PBXFileReference; fileEncoding = 4; lastKnownFileType = sourcecode.c.h; path = KeychainItemWrapper.h; sourceTree = "<group>"; };
		52F38FB1931A417DA38FF7BF /* libPods.a */ = {isa = PBXFileReference; explicitFileType = archive.ar; includeInIndex = 0; path = libPods.a; sourceTree = BUILT_PRODUCTS_DIR; };
		A3414B3617F18C9000D09F35 /* ProjectDetailsViewController.h */ = {isa = PBXFileReference; fileEncoding = 4; lastKnownFileType = sourcecode.c.h; path = ProjectDetailsViewController.h; sourceTree = "<group>"; };
		A3414B3717F18C9000D09F35 /* ProjectDetailsViewController.m */ = {isa = PBXFileReference; fileEncoding = 4; lastKnownFileType = sourcecode.c.objc; path = ProjectDetailsViewController.m; sourceTree = "<group>"; };
		A349E9D417F026E20045BBD7 /* JiraProjectDetailsViewController.h */ = {isa = PBXFileReference; fileEncoding = 4; lastKnownFileType = sourcecode.c.h; path = JiraProjectDetailsViewController.h; sourceTree = "<group>"; };
		A349E9D517F026E20045BBD7 /* JiraProjectDetailsViewController.m */ = {isa = PBXFileReference; fileEncoding = 4; lastKnownFileType = sourcecode.c.objc; path = JiraProjectDetailsViewController.m; sourceTree = "<group>"; };
		A349E9D717F027E00045BBD7 /* User.h */ = {isa = PBXFileReference; fileEncoding = 4; lastKnownFileType = sourcecode.c.h; path = User.h; sourceTree = "<group>"; };
		A349E9D817F027E00045BBD7 /* User.m */ = {isa = PBXFileReference; fileEncoding = 4; lastKnownFileType = sourcecode.c.objc; path = User.m; sourceTree = "<group>"; };
		A349E9DA17F028770045BBD7 /* Issue.h */ = {isa = PBXFileReference; fileEncoding = 4; lastKnownFileType = sourcecode.c.h; path = Issue.h; sourceTree = "<group>"; };
		A349E9DB17F028770045BBD7 /* Issue.m */ = {isa = PBXFileReference; fileEncoding = 4; lastKnownFileType = sourcecode.c.objc; path = Issue.m; sourceTree = "<group>"; };
		A38E2F5F17F312F80071A041 /* projects_list.png */ = {isa = PBXFileReference; lastKnownFileType = image.png; path = projects_list.png; sourceTree = "<group>"; };
		A399B3B317F0361F0075D5DC /* JiraApp.nss */ = {isa = PBXFileReference; fileEncoding = 4; lastKnownFileType = text; path = JiraApp.nss; sourceTree = "<group>"; };
		A399B3B617F038E30075D5DC /* LoginTextField.h */ = {isa = PBXFileReference; fileEncoding = 4; lastKnownFileType = sourcecode.c.h; path = LoginTextField.h; sourceTree = "<group>"; };
		A399B3B717F038E30075D5DC /* LoginTextField.m */ = {isa = PBXFileReference; fileEncoding = 4; lastKnownFileType = sourcecode.c.objc; path = LoginTextField.m; sourceTree = "<group>"; };
		A399B3BA17F03E8F0075D5DC /* dosis-v1.7.zip */ = {isa = PBXFileReference; lastKnownFileType = archive.zip; path = "dosis-v1.7.zip"; sourceTree = "<group>"; };
		A399B3BB17F03E8F0075D5DC /* home_bg_top.png */ = {isa = PBXFileReference; lastKnownFileType = image.png; path = home_bg_top.png; sourceTree = "<group>"; };
		A399B3BC17F03E8F0075D5DC /* home_icon_pass.png */ = {isa = PBXFileReference; lastKnownFileType = image.png; path = home_icon_pass.png; sourceTree = "<group>"; };
		A399B3BD17F03E8F0075D5DC /* home_icon_user.png */ = {isa = PBXFileReference; lastKnownFileType = image.png; path = home_icon_user.png; sourceTree = "<group>"; };
		A399B3BE17F03E8F0075D5DC /* home_page_preview.png */ = {isa = PBXFileReference; lastKnownFileType = image.png; path = home_page_preview.png; sourceTree = "<group>"; };
		A399B3BF17F03E8F0075D5DC /* login_button.png */ = {isa = PBXFileReference; lastKnownFileType = image.png; path = login_button.png; sourceTree = "<group>"; };
		A399B3C017F03E8F0075D5DC /* login_button_blank.png */ = {isa = PBXFileReference; lastKnownFileType = image.png; path = login_button_blank.png; sourceTree = "<group>"; };
		A3D5F5B417F2DBCD00C3D5CC /* arrow_right.png */ = {isa = PBXFileReference; lastKnownFileType = image.png; path = arrow_right.png; sourceTree = "<group>"; };
		FF603542A1ED44B18F668F8B /* Pods.xcconfig */ = {isa = PBXFileReference; includeInIndex = 1; lastKnownFileType = text.xcconfig; name = Pods.xcconfig; path = Pods/Pods.xcconfig; sourceTree = SOURCE_ROOT; };
/* End PBXFileReference section */

/* Begin PBXFrameworksBuildPhase section */
		3C336E2417EAF7020038166D /* Frameworks */ = {
			isa = PBXFrameworksBuildPhase;
			buildActionMask = 2147483647;
			files = (
				3C2B114A17EB2EB6000FBCFF /* Security.framework in Frameworks */,
				3C336E2B17EAF7020038166D /* UIKit.framework in Frameworks */,
				3C336E2D17EAF7020038166D /* Foundation.framework in Frameworks */,
				3C336E2F17EAF7020038166D /* CoreGraphics.framework in Frameworks */,
				E69A54B0B9114032B76D357F /* libPods.a in Frameworks */,
			);
			runOnlyForDeploymentPostprocessing = 0;
		};
/* End PBXFrameworksBuildPhase section */

/* Begin PBXGroup section */
		3C2B114B17EB3D45000FBCFF /* Model */ = {
			isa = PBXGroup;
			children = (
				3C2B114C17EB3D63000FBCFF /* Project.h */,
				A349E9DA17F028770045BBD7 /* Issue.h */,
				A349E9DB17F028770045BBD7 /* Issue.m */,
				A349E9D717F027E00045BBD7 /* User.h */,
				A349E9D817F027E00045BBD7 /* User.m */,
				3C2B114D17EB3D63000FBCFF /* Project.m */,
				3C2B114F17EB461B000FBCFF /* ProjectManager.h */,
				3C2B115017EB461B000FBCFF /* ProjectManager.m */,
			);
			name = Model;
			sourceTree = "<group>";
		};
		3C2B115217EB4912000FBCFF /* ViewControllers */ = {
			isa = PBXGroup;
			children = (
				3C336E4517EAF7020038166D /* LoginViewController.h */,
				3C336E4617EAF7020038166D /* LoginViewController.m */,
				A349E9D417F026E20045BBD7 /* JiraProjectDetailsViewController.h */,
				A3414B3617F18C9000D09F35 /* ProjectDetailsViewController.h */,
				A3414B3717F18C9000D09F35 /* ProjectDetailsViewController.m */,
				A349E9D517F026E20045BBD7 /* JiraProjectDetailsViewController.m */,
				3C2B115317EB494E000FBCFF /* ProjectListViewController.h */,
				3C2B115417EB494E000FBCFF /* ProjectListViewController.m */,
				3C86B3A117F06FAB00C289DD /* MainNavigationViewController.h */,
				3C86B3A217F06FAB00C289DD /* MainNavigationViewController.m */,
			);
			name = ViewControllers;
			sourceTree = "<group>";
		};
		3C336E1E17EAF7020038166D = {
			isa = PBXGroup;
			children = (
				3C2B114917EB2EB6000FBCFF /* Security.framework */,
				3C336E3017EAF7020038166D /* JiraApp */,
				3C336E2917EAF7020038166D /* Frameworks */,
				3C336E2817EAF7020038166D /* Products */,
				FF603542A1ED44B18F668F8B /* Pods.xcconfig */,
			);
			sourceTree = "<group>";
		};
		3C336E2817EAF7020038166D /* Products */ = {
			isa = PBXGroup;
			children = (
				3C336E2717EAF7020038166D /* JiraApp.app */,
			);
			name = Products;
			sourceTree = "<group>";
		};
		3C336E2917EAF7020038166D /* Frameworks */ = {
			isa = PBXGroup;
			children = (
				3C336E2A17EAF7020038166D /* UIKit.framework */,
				3C336E2C17EAF7020038166D /* Foundation.framework */,
				3C336E2E17EAF7020038166D /* CoreGraphics.framework */,
				52F38FB1931A417DA38FF7BF /* libPods.a */,
			);
			name = Frameworks;
			sourceTree = "<group>";
		};
		3C336E3017EAF7020038166D /* JiraApp */ = {
			isa = PBXGroup;
			children = (
				A399B3B917F03E8F0075D5DC /* Images */,
				3C336E4217EAF7020038166D /* MainStoryboard.storyboard */,
				A399B3B517F038B90075D5DC /* VIews */,
				3CA6A00617EC5C0B002F9917 /* KeychainItemWrapper.m */,
				3CA6A00717EC5C0B002F9917 /* KeychainItemWrapper.h */,
				3C2B115217EB4912000FBCFF /* ViewControllers */,
				3C2B114B17EB3D45000FBCFF /* Model */,
				3C336E3917EAF7020038166D /* JiraAppAppDelegate.h */,
				3C336E3A17EAF7020038166D /* JiraAppAppDelegate.m */,
				3C2B114617EB20BA000FBCFF /* JiraRestClientAPI.h */,
				3C2B114717EB20BA000FBCFF /* JiraRestClientAPI.m */,
				3C336E3117EAF7020038166D /* Supporting Files */,
				3C18CD2317F301570003E54C /* TableViewPadded.h */,
				3C18CD2417F301570003E54C /* TableViewPadded.m */,
			);
			path = JiraApp;
			sourceTree = "<group>";
		};
		3C336E3117EAF7020038166D /* Supporting Files */ = {
			isa = PBXGroup;
			children = (
				3C336E3217EAF7020038166D /* JiraApp-Info.plist */,
				3C336E3317EAF7020038166D /* InfoPlist.strings */,
				3C336E3617EAF7020038166D /* main.m */,
				3C336E3817EAF7020038166D /* JiraApp-Prefix.pch */,
				3C336E3C17EAF7020038166D /* Default.png */,
				3C336E3E17EAF7020038166D /* Default@2x.png */,
				3C336E4017EAF7020038166D /* Default-568h@2x.png */,
				A399B3B317F0361F0075D5DC /* JiraApp.nss */,
			);
			name = "Supporting Files";
			sourceTree = "<group>";
		};
		A399B3B517F038B90075D5DC /* VIews */ = {
			isa = PBXGroup;
			children = (
				A399B3B617F038E30075D5DC /* LoginTextField.h */,
				A399B3B717F038E30075D5DC /* LoginTextField.m */,
				3C18CD2617F305A10003E54C /* ProjectListCell.h */,
				3C18CD2717F305A10003E54C /* ProjectListCell.m */,
			);
			name = VIews;
			sourceTree = "<group>";
		};
		A399B3B917F03E8F0075D5DC /* Images */ = {
			isa = PBXGroup;
			children = (
				3C18CD2917F30B2F0003E54C /* checkbox_checked.png */,
				3C18CD2A17F30B2F0003E54C /* checkbox_unchecked.png */,
				A399B3BA17F03E8F0075D5DC /* dosis-v1.7.zip */,
				A399B3BB17F03E8F0075D5DC /* home_bg_top.png */,
				A399B3BC17F03E8F0075D5DC /* home_icon_pass.png */,
				A399B3BD17F03E8F0075D5DC /* home_icon_user.png */,
				A399B3BE17F03E8F0075D5DC /* home_page_preview.png */,
				A399B3BF17F03E8F0075D5DC /* login_button.png */,
				A3D5F5B417F2DBCD00C3D5CC /* arrow_right.png */,
				A399B3C017F03E8F0075D5DC /* login_button_blank.png */,
				A38E2F5F17F312F80071A041 /* projects_list.png */,
			);
			path = Images;
			sourceTree = "<group>";
		};
/* End PBXGroup section */

/* Begin PBXNativeTarget section */
		3C336E2617EAF7020038166D /* JiraApp */ = {
			isa = PBXNativeTarget;
			buildConfigurationList = 3C336E4A17EAF7020038166D /* Build configuration list for PBXNativeTarget "JiraApp" */;
			buildPhases = (
				61DA3BF29BE54483B79A8B84 /* Check Pods Manifest.lock */,
				3C336E2317EAF7020038166D /* Sources */,
				3C336E2417EAF7020038166D /* Frameworks */,
				3C336E2517EAF7020038166D /* Resources */,
				6CEC5536A3594704A45324BA /* Copy Pods Resources */,
			);
			buildRules = (
			);
			dependencies = (
			);
			name = JiraApp;
			productName = JiraApp;
			productReference = 3C336E2717EAF7020038166D /* JiraApp.app */;
			productType = "com.apple.product-type.application";
		};
/* End PBXNativeTarget section */

/* Begin PBXProject section */
		3C336E1F17EAF7020038166D /* Project object */ = {
			isa = PBXProject;
			attributes = {
				CLASSPREFIX = JiraApp;
				LastUpgradeCheck = 0460;
				ORGANIZATIONNAME = "Dimitar Dragiev";
			};
			buildConfigurationList = 3C336E2217EAF7020038166D /* Build configuration list for PBXProject "JiraApp" */;
			compatibilityVersion = "Xcode 3.2";
			developmentRegion = English;
			hasScannedForEncodings = 0;
			knownRegions = (
				en,
			);
			mainGroup = 3C336E1E17EAF7020038166D;
			productRefGroup = 3C336E2817EAF7020038166D /* Products */;
			projectDirPath = "";
			projectRoot = "";
			targets = (
				3C336E2617EAF7020038166D /* JiraApp */,
			);
		};
/* End PBXProject section */

/* Begin PBXResourcesBuildPhase section */
		3C336E2517EAF7020038166D /* Resources */ = {
			isa = PBXResourcesBuildPhase;
			buildActionMask = 2147483647;
			files = (
				3C336E3517EAF7020038166D /* InfoPlist.strings in Resources */,
				3C336E3D17EAF7020038166D /* Default.png in Resources */,
				3C336E3F17EAF7020038166D /* Default@2x.png in Resources */,
				3C336E4117EAF7020038166D /* Default-568h@2x.png in Resources */,
				3C336E4417EAF7020038166D /* MainStoryboard.storyboard in Resources */,
				A399B3B417F0361F0075D5DC /* JiraApp.nss in Resources */,
				A399B3C217F03E8F0075D5DC /* dosis-v1.7.zip in Resources */,
				A399B3C317F03E8F0075D5DC /* home_bg_top.png in Resources */,
				A399B3C417F03E8F0075D5DC /* home_icon_pass.png in Resources */,
				A399B3C517F03E8F0075D5DC /* home_icon_user.png in Resources */,
				A399B3C617F03E8F0075D5DC /* home_page_preview.png in Resources */,
				A399B3C717F03E8F0075D5DC /* login_button.png in Resources */,
				A399B3C817F03E8F0075D5DC /* login_button_blank.png in Resources */,
				A3D5F5B517F2DBCD00C3D5CC /* arrow_right.png in Resources */,
				3C18CD2B17F30B2F0003E54C /* checkbox_checked.png in Resources */,
				3C18CD2C17F30B2F0003E54C /* checkbox_unchecked.png in Resources */,
				A38E2F6017F312F80071A041 /* projects_list.png in Resources */,
			);
			runOnlyForDeploymentPostprocessing = 0;
		};
/* End PBXResourcesBuildPhase section */

/* Begin PBXShellScriptBuildPhase section */
		61DA3BF29BE54483B79A8B84 /* Check Pods Manifest.lock */ = {
			isa = PBXShellScriptBuildPhase;
			buildActionMask = 2147483647;
			files = (
			);
			inputPaths = (
			);
			name = "Check Pods Manifest.lock";
			outputPaths = (
			);
			runOnlyForDeploymentPostprocessing = 0;
			shellPath = /bin/sh;
			shellScript = "diff \"${PODS_ROOT}/../Podfile.lock\" \"${PODS_ROOT}/Manifest.lock\" > /dev/null\nif [[ $? != 0 ]] ; then\n    cat << EOM\nerror: The sandbox is not in sync with the Podfile.lock. Run 'pod install' or update your CocoaPods installation.\nEOM\n    exit 1\nfi\n";
			showEnvVarsInLog = 0;
		};
		6CEC5536A3594704A45324BA /* Copy Pods Resources */ = {
			isa = PBXShellScriptBuildPhase;
			buildActionMask = 2147483647;
			files = (
			);
			inputPaths = (
			);
			name = "Copy Pods Resources";
			outputPaths = (
			);
			runOnlyForDeploymentPostprocessing = 0;
			shellPath = /bin/sh;
			shellScript = "\"${SRCROOT}/Pods/Pods-resources.sh\"\n";
			showEnvVarsInLog = 0;
		};
/* End PBXShellScriptBuildPhase section */

/* Begin PBXSourcesBuildPhase section */
		3C336E2317EAF7020038166D /* Sources */ = {
			isa = PBXSourcesBuildPhase;
			buildActionMask = 2147483647;
			files = (
				3C336E3717EAF7020038166D /* main.m in Sources */,
				3C336E3B17EAF7020038166D /* JiraAppAppDelegate.m in Sources */,
				3C336E4717EAF7020038166D /* LoginViewController.m in Sources */,
				3C2B114817EB20BA000FBCFF /* JiraRestClientAPI.m in Sources */,
				3C2B114E17EB3D63000FBCFF /* Project.m in Sources */,
				3C2B115117EB461B000FBCFF /* ProjectManager.m in Sources */,
				3C2B115517EB494E000FBCFF /* ProjectListViewController.m in Sources */,
				3CA6A00817EC5C0B002F9917 /* KeychainItemWrapper.m in Sources */,
				A349E9D617F026E20045BBD7 /* JiraProjectDetailsViewController.m in Sources */,
				A349E9D917F027E00045BBD7 /* User.m in Sources */,
				A349E9DC17F028770045BBD7 /* Issue.m in Sources */,
				A399B3B817F038E30075D5DC /* LoginTextField.m in Sources */,
				3C86B3A317F06FAB00C289DD /* MainNavigationViewController.m in Sources */,
				A3414B3817F18C9000D09F35 /* ProjectDetailsViewController.m in Sources */,
				3C18CD2517F301570003E54C /* TableViewPadded.m in Sources */,
				3C18CD2817F305A10003E54C /* ProjectListCell.m in Sources */,
			);
			runOnlyForDeploymentPostprocessing = 0;
		};
/* End PBXSourcesBuildPhase section */

/* Begin PBXVariantGroup section */
		3C336E3317EAF7020038166D /* InfoPlist.strings */ = {
			isa = PBXVariantGroup;
			children = (
				3C336E3417EAF7020038166D /* en */,
			);
			name = InfoPlist.strings;
			sourceTree = "<group>";
		};
		3C336E4217EAF7020038166D /* MainStoryboard.storyboard */ = {
			isa = PBXVariantGroup;
			children = (
				3C336E4317EAF7020038166D /* en */,
			);
			name = MainStoryboard.storyboard;
			sourceTree = "<group>";
		};
/* End PBXVariantGroup section */

/* Begin XCBuildConfiguration section */
		3C336E4817EAF7020038166D /* Debug */ = {
			isa = XCBuildConfiguration;
			buildSettings = {
				ALWAYS_SEARCH_USER_PATHS = NO;
				CLANG_CXX_LANGUAGE_STANDARD = "gnu++0x";
				CLANG_CXX_LIBRARY = "libc++";
				CLANG_ENABLE_OBJC_ARC = YES;
				CLANG_WARN_CONSTANT_CONVERSION = YES;
				CLANG_WARN_EMPTY_BODY = YES;
				CLANG_WARN_ENUM_CONVERSION = YES;
				CLANG_WARN_INT_CONVERSION = YES;
				CLANG_WARN__DUPLICATE_METHOD_MATCH = YES;
				"CODE_SIGN_IDENTITY[sdk=iphoneos*]" = "iPhone Developer";
				COPY_PHASE_STRIP = NO;
				GCC_C_LANGUAGE_STANDARD = gnu99;
				GCC_DYNAMIC_NO_PIC = NO;
				GCC_OPTIMIZATION_LEVEL = 0;
				GCC_PREPROCESSOR_DEFINITIONS = (
					"DEBUG=1",
					"$(inherited)",
				);
				GCC_SYMBOLS_PRIVATE_EXTERN = NO;
				GCC_WARN_ABOUT_RETURN_TYPE = YES;
				GCC_WARN_UNINITIALIZED_AUTOS = YES;
				GCC_WARN_UNUSED_VARIABLE = YES;
				IPHONEOS_DEPLOYMENT_TARGET = 6.1;
				ONLY_ACTIVE_ARCH = YES;
				SDKROOT = iphoneos;
			};
			name = Debug;
		};
		3C336E4917EAF7020038166D /* Release */ = {
			isa = XCBuildConfiguration;
			buildSettings = {
				ALWAYS_SEARCH_USER_PATHS = NO;
				CLANG_CXX_LANGUAGE_STANDARD = "gnu++0x";
				CLANG_CXX_LIBRARY = "libc++";
				CLANG_ENABLE_OBJC_ARC = YES;
				CLANG_WARN_CONSTANT_CONVERSION = YES;
				CLANG_WARN_EMPTY_BODY = YES;
				CLANG_WARN_ENUM_CONVERSION = YES;
				CLANG_WARN_INT_CONVERSION = YES;
				CLANG_WARN__DUPLICATE_METHOD_MATCH = YES;
				"CODE_SIGN_IDENTITY[sdk=iphoneos*]" = "iPhone Developer";
				COPY_PHASE_STRIP = YES;
				GCC_C_LANGUAGE_STANDARD = gnu99;
				GCC_WARN_ABOUT_RETURN_TYPE = YES;
				GCC_WARN_UNINITIALIZED_AUTOS = YES;
				GCC_WARN_UNUSED_VARIABLE = YES;
				IPHONEOS_DEPLOYMENT_TARGET = 6.1;
				OTHER_CFLAGS = "-DNS_BLOCK_ASSERTIONS=1";
				SDKROOT = iphoneos;
				VALIDATE_PRODUCT = YES;
			};
			name = Release;
		};
		3C336E4B17EAF7020038166D /* Debug */ = {
			isa = XCBuildConfiguration;
			baseConfigurationReference = FF603542A1ED44B18F668F8B /* Pods.xcconfig */;
			buildSettings = {
				GCC_PRECOMPILE_PREFIX_HEADER = YES;
				GCC_PREFIX_HEADER = "JiraApp/JiraApp-Prefix.pch";
				INFOPLIST_FILE = "JiraApp/JiraApp-Info.plist";
				PRODUCT_NAME = "$(TARGET_NAME)";
				WRAPPER_EXTENSION = app;
			};
			name = Debug;
		};
		3C336E4C17EAF7020038166D /* Release */ = {
			isa = XCBuildConfiguration;
			baseConfigurationReference = FF603542A1ED44B18F668F8B /* Pods.xcconfig */;
			buildSettings = {
				GCC_PRECOMPILE_PREFIX_HEADER = YES;
				GCC_PREFIX_HEADER = "JiraApp/JiraApp-Prefix.pch";
				INFOPLIST_FILE = "JiraApp/JiraApp-Info.plist";
				PRODUCT_NAME = "$(TARGET_NAME)";
				WRAPPER_EXTENSION = app;
			};
			name = Release;
		};
/* End XCBuildConfiguration section */

/* Begin XCConfigurationList section */
		3C336E2217EAF7020038166D /* Build configuration list for PBXProject "JiraApp" */ = {
			isa = XCConfigurationList;
			buildConfigurations = (
				3C336E4817EAF7020038166D /* Debug */,
				3C336E4917EAF7020038166D /* Release */,
			);
			defaultConfigurationIsVisible = 0;
			defaultConfigurationName = Release;
		};
		3C336E4A17EAF7020038166D /* Build configuration list for PBXNativeTarget "JiraApp" */ = {
			isa = XCConfigurationList;
			buildConfigurations = (
				3C336E4B17EAF7020038166D /* Debug */,
				3C336E4C17EAF7020038166D /* Release */,
			);
			defaultConfigurationIsVisible = 0;
			defaultConfigurationName = Release;
		};
/* End XCConfigurationList section */
	};
	rootObject = 3C336E1F17EAF7020038166D /* Project object */;
}
